<?xml version="1.0" encoding="utf-8"?>
<Project xmlns="http://schemas.microsoft.com/developer/msbuild/2003">
  <PropertyGroup>
    <ProjectGuid>{06fdddd0-258f-4409-b849-407cc772858a}</ProjectGuid>
    <MainSource>KiUserControlFoundry.dpr</MainSource>
    <Configuration Condition=" '$(Configuration)' == '' ">Debug</Configuration>
    <Platform Condition=" '$(Platform)' == '' ">AnyCPU</Platform>
    <DCC_EnabledPackages>true</DCC_EnabledPackages>
    <DCC_UsePackage>ki;"C:\Program Files\Microsoft ASP.NET\ASP.NET 2.0 AJAX Extensions\v1.0.61025\System.Web.Extensions.dll";C:\WINDOWS\Microsoft.NET\Framework\v2.0.50727\System.XML.dll;C:\WINDOWS\Microsoft.NET\Framework\v2.0.50727\System.Web.Services.dll;C:\WINDOWS\Microsoft.NET\Framework\v2.0.50727\System.Web.dll;C:\WINDOWS\Microsoft.NET\Framework\v2.0.50727\System.Drawing.dll;C:\WINDOWS\Microsoft.NET\Framework\v2.0.50727\System.dll;C:\WINDOWS\Microsoft.NET\Framework\v2.0.50727\System.Data.dll;C:\WINDOWS\Microsoft.NET\Framework\v2.0.50727\System.configuration.dll</DCC_UsePackage>
    <DCC_DCCCompiler>DCCIL</DCC_DCCCompiler>
    <DCC_DependencyCheckOutputName>bin\KiUserControlFoundry.dll</DCC_DependencyCheckOutputName>
  </PropertyGroup>
  <PropertyGroup Condition=" '$(Configuration)|$(Platform)' == 'Release|AnyCPU' ">
    <Version>7.0</Version>
    <DCC_DebugInformation>False</DCC_DebugInformation>
    <DCC_LocalDebugSymbols>False</DCC_LocalDebugSymbols>
    <DCC_SymbolReferenceInfo>0</DCC_SymbolReferenceInfo>
    <DCC_ExeOutput>bin</DCC_ExeOutput>
    <DCC_UnitSearchPath>c:\inetpub\wwwroot\kiusercontrolfoundry\lib\ki;C:\WINDOWS\Microsoft.NET\Framework\v2.0.50727</DCC_UnitSearchPath>
    <DCC_ResourcePath>c:\inetpub\wwwroot\kiusercontrolfoundry\lib\ki;C:\WINDOWS\Microsoft.NET\Framework\v2.0.50727</DCC_ResourcePath>
    <DCC_IncludePath>c:\inetpub\wwwroot\kiusercontrolfoundry\lib\ki;C:\WINDOWS\Microsoft.NET\Framework\v2.0.50727</DCC_IncludePath>
    <DCC_Define>RELEASE</DCC_Define>
    <DCC_OpenStringParams>False</DCC_OpenStringParams>
    <DCC_IntegerOverflowCheck>True</DCC_IntegerOverflowCheck>
    <DCC_RangeChecking>True</DCC_RangeChecking>
    <DCC_TypedAtParameter>True</DCC_TypedAtParameter>
    <DCC_AssertionsAtRuntime>False</DCC_AssertionsAtRuntime>
    <DCC_StrictVarStrings>False</DCC_StrictVarStrings>
  </PropertyGroup>
  <PropertyGroup Condition=" '$(Configuration)|$(Platform)' == 'Debug|AnyCPU' ">
    <Version>7.0</Version>
    <DCC_DebugInfoInExe>True</DCC_DebugInfoInExe>
    <DCC_DebugVN>True</DCC_DebugVN>
    <DCC_ExeOutput>bin</DCC_ExeOutput>
    <DCC_UnitSearchPath>c:\inetpub\wwwroot\kiusercontrolfoundry\lib\ki;C:\WINDOWS\Microsoft.NET\Framework\v2.0.50727;C:\Program Files\Microsoft ASP.NET\ASP.NET 2.0 AJAX Extensions\v1.0.61025</DCC_UnitSearchPath>
    <DCC_ResourcePath>c:\inetpub\wwwroot\kiusercontrolfoundry\lib\ki;C:\WINDOWS\Microsoft.NET\Framework\v2.0.50727;C:\Program Files\Microsoft ASP.NET\ASP.NET 2.0 AJAX Extensions\v1.0.61025</DCC_ResourcePath>
    <DCC_IncludePath>c:\inetpub\wwwroot\kiusercontrolfoundry\lib\ki;C:\WINDOWS\Microsoft.NET\Framework\v2.0.50727;C:\Program Files\Microsoft ASP.NET\ASP.NET 2.0 AJAX Extensions\v1.0.61025</DCC_IncludePath>
    <DCC_Define>DEBUG</DCC_Define>
    <DCC_IntegerOverflowCheck>True</DCC_IntegerOverflowCheck>
    <DCC_RangeChecking>True</DCC_RangeChecking>
    <DCC_Optimize>False</DCC_Optimize>
    <DCC_OpenStringParams>False</DCC_OpenStringParams>
    <DCC_TypedAtParameter>True</DCC_TypedAtParameter>
    <DCC_SymbolReferenceInfo>2</DCC_SymbolReferenceInfo>
    <DCC_StrictVarStrings>False</DCC_StrictVarStrings>
  </PropertyGroup>
  <ProjectExtensions>
    <Borland.Personality>DelphiDotNet.Personality</Borland.Personality>
    <Borland.ProjectType>AspProject</Borland.ProjectType>
    <BorlandProject>
<BorlandProject><DelphiDotNet.Personality><Parameters><Parameters Name="UseLauncher">True</Parameters><Parameters Name="LoadAllSymbols">True</Parameters><Parameters Name="LoadUnspecifiedSymbols">False</Parameters><Parameters Name="HostApplication">http://localhost/KiUserControlFoundry/WebForm1.aspx</Parameters><Parameters Name="Launcher">"C:\Program Files\Internet Explorer\IEXPLORE.EXE"</Parameters></Parameters><VersionInfo><VersionInfo Name="IncludeVerInfo">False</VersionInfo><VersionInfo Name="AutoIncBuild">False</VersionInfo><VersionInfo Name="MajorVer">1</VersionInfo><VersionInfo Name="MinorVer">0</VersionInfo><VersionInfo Name="Release">0</VersionInfo><VersionInfo Name="Build">0</VersionInfo><VersionInfo Name="Debug">False</VersionInfo><VersionInfo Name="PreRelease">False</VersionInfo><VersionInfo Name="Special">False</VersionInfo><VersionInfo Name="Private">False</VersionInfo><VersionInfo Name="DLL">False</VersionInfo><VersionInfo Name="Locale">1033</VersionInfo><VersionInfo Name="CodePage">1252</VersionInfo></VersionInfo><VersionInfoKeys><VersionInfoKeys Name="CompanyName"></VersionInfoKeys><VersionInfoKeys Name="FileDescription"></VersionInfoKeys><VersionInfoKeys Name="FileVersion">1.0.0.0</VersionInfoKeys><VersionInfoKeys Name="InternalName"></VersionInfoKeys><VersionInfoKeys Name="LegalCopyright"></VersionInfoKeys><VersionInfoKeys Name="LegalTrademarks"></VersionInfoKeys><VersionInfoKeys Name="OriginalFilename"></VersionInfoKeys><VersionInfoKeys Name="ProductName"></VersionInfoKeys><VersionInfoKeys Name="ProductVersion">1.0.0.0</VersionInfoKeys><VersionInfoKeys Name="Comments"></VersionInfoKeys></VersionInfoKeys><Options><Options Name="AspNetUseHostServer">True</Options><Options Name="AspNetLaunchBrowser">True</Options><Options Name="AspNetStartPage">WebForm1.aspx</Options><Options Name="AspNetHostServer">IIS</Options><Options Name="AspNetCassiniPortIndex">0</Options><Options Name="AspNetCassiniStartup">ProjectRun</Options><Options Name="AspNetIISVirtualDirectory">KiUserControlFoundry</Options><Options Name="AspNetHTTPAddress"></Options><Options Name="AspNetCassiniHTTPAddress"></Options></Options><Source><Source Name="MainSource">KiUserControlFoundry.dpr</Source></Source></DelphiDotNet.Personality></BorlandProject></BorlandProject>
  </ProjectExtensions>
  <Import Project="$(MSBuildBinPath)\Borland.Delphi.Targets" />
  <ItemGroup>
    <Reference Include="$(SystemRoot)\Microsoft.NET\Framework\v2.0.50727\System.configuration.dll">
      <AssemblyName>System.Configuration</AssemblyName>
      <Version>2.0.0.0</Version>
      <HintPath>$(SystemRoot)\Microsoft.NET\Framework\v2.0.50727\System.configuration.dll</HintPath>
      <AssemblyTag>$(SystemRoot)\Microsoft.NET\Framework\v2.0.50727\System.configuration.dll</AssemblyTag>
      <LinkUnits>False</LinkUnits>
    </Reference>
    <Reference Include="$(SystemRoot)\Microsoft.NET\Framework\v2.0.50727\System.Data.dll">
      <AssemblyName>system.data</AssemblyName>
      <Version>2.0.0.0</Version>
      <HintPath>$(SystemRoot)\Microsoft.NET\Framework\v2.0.50727\System.Data.dll</HintPath>
      <AssemblyTag>$(SystemRoot)\Microsoft.NET\Framework\v2.0.50727\System.Data.dll</AssemblyTag>
      <LinkUnits>False</LinkUnits>
    </Reference>
    <Reference Include="$(SystemRoot)\Microsoft.NET\Framework\v2.0.50727\System.dll">
      <AssemblyName>system</AssemblyName>
      <Version>2.0.0.0</Version>
      <HintPath>$(SystemRoot)\Microsoft.NET\Framework\v2.0.50727\System.dll</HintPath>
      <AssemblyTag>$(SystemRoot)\Microsoft.NET\Framework\v2.0.50727\System.dll</AssemblyTag>
      <LinkUnits>False</LinkUnits>
    </Reference>
    <Reference Include="$(SystemRoot)\Microsoft.NET\Framework\v2.0.50727\System.Drawing.dll">
      <AssemblyName>system.drawing</AssemblyName>
      <Version>2.0.0.0</Version>
      <HintPath>$(SystemRoot)\Microsoft.NET\Framework\v2.0.50727\System.Drawing.dll</HintPath>
      <AssemblyTag>$(SystemRoot)\Microsoft.NET\Framework\v2.0.50727\System.Drawing.dll</AssemblyTag>
      <LinkUnits>False</LinkUnits>
    </Reference>
    <Reference Include="$(SystemRoot)\Microsoft.NET\Framework\v2.0.50727\System.Web.dll">
      <AssemblyName>system.web</AssemblyName>
      <Version>2.0.0.0</Version>
      <HintPath>$(SystemRoot)\Microsoft.NET\Framework\v2.0.50727\System.Web.dll</HintPath>
      <AssemblyTag>$(SystemRoot)\Microsoft.NET\Framework\v2.0.50727\System.Web.dll</AssemblyTag>
      <LinkUnits>False</LinkUnits>
    </Reference>
    <Reference Include="$(SystemRoot)\Microsoft.NET\Framework\v2.0.50727\System.Web.Services.dll">
      <AssemblyName>System.Web.Services</AssemblyName>
      <Version>2.0.0.0</Version>
      <HintPath>$(SystemRoot)\Microsoft.NET\Framework\v2.0.50727\System.Web.Services.dll</HintPath>
      <AssemblyTag>$(SystemRoot)\Microsoft.NET\Framework\v2.0.50727\System.Web.Services.dll</AssemblyTag>
      <LinkUnits>False</LinkUnits>
    </Reference>
    <Reference Include="$(SystemRoot)\Microsoft.NET\Framework\v2.0.50727\System.XML.dll">
      <AssemblyName>system.xml</AssemblyName>
      <Version>2.0.0.0</Version>
      <HintPath>$(SystemRoot)\Microsoft.NET\Framework\v2.0.50727\System.XML.dll</HintPath>
      <AssemblyTag>$(SystemRoot)\Microsoft.NET\Framework\v2.0.50727\System.XML.dll</AssemblyTag>
      <LinkUnits>False</LinkUnits>
    </Reference>
    <Reference Include="C:\Program Files\Microsoft ASP.NET\ASP.NET 2.0 AJAX Extensions\v1.0.61025\System.Web.Extensions.dll">
      <AssemblyName>System.Web.Extensions</AssemblyName>
      <Version>1.0.61025.0</Version>
      <HintPath>C:\Program Files\Microsoft ASP.NET\ASP.NET 2.0 AJAX Extensions\v1.0.61025\System.Web.Extensions.dll</HintPath>
      <AssemblyTag>C:\Program Files\Microsoft ASP.NET\ASP.NET 2.0 AJAX Extensions\v1.0.61025\System.Web.Extensions.dll</AssemblyTag>
      <LinkUnits>False</LinkUnits>
    </Reference>
    <Reference Include="lib\ki\ki.dll">
      <AssemblyName>ki</AssemblyName>
      <Version>1.0.3145.35855</Version>
      <HintPath>lib\ki\ki.dll</HintPath>
      <AssemblyTag>lib\ki\ki.dll</AssemblyTag>
      <LinkUnits>False</LinkUnits>
    </Reference>
  </ItemGroup>
  <ItemGroup>
    <DelphiCompile Include="KiUserControlFoundry.dpr">
      <MainSource>MainSource</MainSource>
    </DelphiCompile>
    <DCCReference Include="Global.pas">
      <DependentUpon>Global.asax</DependentUpon>
      <Form>Global.TGlobal</Form>
      <DesignClass>System.Web.HttpApplication</DesignClass>
    </DCCReference>
    <DCCReference Include="usercontrol\ki\UserControl_attachment_explorer.pas">
      <DependentUpon>usercontrol\ki\UserControl_attachment_explorer.ascx</DependentUpon>
      <Form>UserControl_attachment_explorer.TWebUserControl_attachment_explorer</Form>
      <DesignClass>ki_web_ui.usercontrol_class</DesignClass>
    </DCCReference>
    <DCCReference Include="usercontrol\ki\UserControl_bread_crumb_trail.pas">
      <DependentUpon>usercontrol\ki\UserControl_bread_crumb_trail.ascx</DependentUpon>
      <Form>UserControl_bread_crumb_trail.TWebUserControl_bread_crumb_trail</Form>
      <DesignClass>ki_web_ui.usercontrol_class</DesignClass>
    </DCCReference>
    <DCCReference Include="usercontrol\ki\UserControl_config_welcome.pas">
      <DependentUpon>usercontrol\ki\UserControl_config_welcome.ascx</DependentUpon>
      <Form>UserControl_config_welcome.TWebUserControl_config_welcome</Form>
      <DesignClass>ki_web_ui.usercontrol_class</DesignClass>
    </DCCReference>
    <DCCReference Include="usercontrol\ki\UserControl_drop_down_date.pas">
      <DependentUpon>usercontrol\ki\UserControl_drop_down_date.ascx</DependentUpon>
      <Form>UserControl_drop_down_date.TWebUserControl_drop_down_date</Form>
      <DesignClass>ki_web_ui.usercontrol_class</DesignClass>
    </DCCReference>
    <DCCReference Include="usercontrol\ki\UserControl_print_div.pas">
      <DependentUpon>usercontrol\ki\UserControl_print_div.ascx</DependentUpon>
      <Form>UserControl_print_div.TWebUserControl_print_div</Form>
      <DesignClass>ki_web_ui.usercontrol_class</DesignClass>
    </DCCReference>
    <DCCReference Include="usercontrol\ki\UserControl_session_interrupted.pas">
      <DependentUpon>usercontrol\ki\UserControl_session_interrupted.ascx</DependentUpon>
      <Form>UserControl_session_interrupted.TWebUserControl_session_interrupted</Form>
      <DesignClass>ki_web_ui.usercontrol_class</DesignClass>
    </DCCReference>
    <DCCReference Include="WebForm1.pas">
      <DependentUpon>WebForm1.aspx</DependentUpon>
      <Form>WebForm1.TWebForm1</Form>
      <DesignClass>System.Web.UI.Page</DesignClass>
    </DCCReference>
    <None Include="Global.asax" />
    <None Include="usercontrol\ki\UserControl_attachment_explorer.ascx" />
    <None Include="usercontrol\ki\UserControl_bread_crumb_trail.ascx" />
    <None Include="usercontrol\ki\UserControl_config_welcome.ascx" />
    <None Include="usercontrol\ki\UserControl_drop_down_date.ascx" />
    <None Include="usercontrol\ki\UserControl_print_div.ascx" />
    <None Include="usercontrol\ki\UserControl_session_interrupted.ascx" />
    <None Include="Web.config" />
    <None Include="WebForm1.aspx" />
  </ItemGroup>
</Project>